
Microsoft Visual Studio Solution File, Format Version 12.00
# Visual Studio Version 16
VisualStudioVersion = 16.0.29020.237
MinimumVisualStudioVersion = 10.0.40219.1
Project("{FAE04EC0-301F-11D3-BF4B-00C04F79EFBC}") = "MyConsoleApp", "MyConsoleApp\MyConsoleApp.csproj", "{6596FFB9-6877-4740-A6EC-13F8C47A756D}"
EndProject
Project("{FAE04EC0-301F-11D3-BF4B-00C04F79EFBC}") = "TestProject", "TestProject\TestProject.csproj", "{5176B7D2-7A51-4F3F-BF96-E4023F1D5E85}"
EndProject
Global
	GlobalSection(SolutionConfigurationPlatforms) = preSolution
		Debug|Any CPU = Debug|Any CPU
		Release|Any CPU = Release|Any CPU
	EndGlobalSection
	GlobalSection(ProjectConfigurationPlatforms) = postSolution
		{6596FFB9-6877-4740-A6EC-13F8C47A756D}.Debug|Any CPU.ActiveCfg = Debug|Any CPU
		{6596FFB9-6877-4740-A6EC-13F8C47A756D}.Debug|Any CPU.Build.0 = Debug|Any CPU
		{6596FFB9-6877-4740-A6EC-13F8C47A756D}.Release|Any CPU.ActiveCfg = Release|Any CPU
		{6596FFB9-6877-4740-A6EC-13F8C47A756D}.Release|Any CPU.Build.0 = Release|Any CPU
		{5176B7D2-7A51-4F3F-BF96-E4023F1D5E85}.Debug|Any CPU.ActiveCfg = Debug|Any CPU
		{5176B7D2-7A51-4F3F-BF96-E4023F1D5E85}.Debug|Any CPU.Build.0 = Debug|Any CPU
		{5176B7D2-7A51-4F3F-BF96-E4023F1D5E85}.Release|Any CPU.ActiveCfg = Release|Any CPU
		{5176B7D2-7A51-4F3F-BF96-E4023F1D5E85}.Release|Any CPU.Build.0 = Release|Any CPU
	EndGlobalSection
	GlobalSection(SolutionProperties) = preSolution
		HideSolutionNode = FALSE
	EndGlobalSection
	GlobalSection(ExtensibilityGlobals) = postSolution
		SolutionGuid = {6CD6CD23-BAC7-4B80-BBA3-5D06E215A68D}
	EndGlobalSection
EndGlobal
